github.com/jtom38/hugo-cookbook v0.1.0 h1:GbY0QSDLP6GDvZUSndzrn/H2+Q58pQLrxAf6G3B3yD4=
github.com/jtom38/hugo-cookbook v0.1.0/go.mod h1:6vjLiMbIqQBhRIa8M7bTvUAuv6WqXbswSnFAvB2fjSM=
github.com/jtom38/hugo-cookbook v0.2.0 h1:JLYS83a8rfa63425wvxQK4mrKqSpmU+mcI4SNaWtfJE=
github.com/jtom38/hugo-cookbook v0.2.0/go.mod h1:6vjLiMbIqQBhRIa8M7bTvUAuv6WqXbswSnFAvB2fjSM=
