github.com/jtom38/hugo-cookbook v0.2.2 h1:goWqhq0e32gssQ3jTXzOOPol14Dvl/Zi1TI/4cu//Cc=
github.com/jtom38/hugo-cookbook v0.2.2/go.mod h1:6vjLiMbIqQBhRIa8M7bTvUAuv6WqXbswSnFAvB2fjSM=
github.com/jtom38/hugo-cookbook v0.2.3 h1:hUikWj2c8BXKsV5RHKHV9QYnRFBF7insXUfRDA/1mww=
github.com/jtom38/hugo-cookbook v0.2.3/go.mod h1:6vjLiMbIqQBhRIa8M7bTvUAuv6WqXbswSnFAvB2fjSM=
github.com/jtom38/hugo-cookbook v0.2.4 h1:cPSvKvqtrvyF2NJ/kRx405SeESD55+WZ1hYmDBvxFGI=
github.com/jtom38/hugo-cookbook v0.2.4/go.mod h1:6vjLiMbIqQBhRIa8M7bTvUAuv6WqXbswSnFAvB2fjSM=
